
Microsoft Visual Studio Solution File, Format Version 12.00
# Visual Studio Version 17
VisualStudioVersion = 17.10.35027.167
MinimumVisualStudioVersion = 10.0.40219.1
Project("{FAE04EC0-301F-11D3-BF4B-00C04F79EFBC}") = "PasswordProg", "PasswordProg\PasswordProg.csproj", "{6ED3DF73-0AB5-428E-8DF0-58D77426D9BA}"
EndProject
Project("{FAE04EC0-301F-11D3-BF4B-00C04F79EFBC}") = "PassTestProject", "PassTestProject\PassTestProject.csproj", "{78006BB4-4892-4B5F-900A-F69D6DAE4D2F}"
EndProject
Global
	GlobalSection(SolutionConfigurationPlatforms) = preSolution
		Debug|Any CPU = Debug|Any CPU
		Release|Any CPU = Release|Any CPU
	EndGlobalSection
	GlobalSection(ProjectConfigurationPlatforms) = postSolution
		{6ED3DF73-0AB5-428E-8DF0-58D77426D9BA}.Debug|Any CPU.ActiveCfg = Debug|Any CPU
		{6ED3DF73-0AB5-428E-8DF0-58D77426D9BA}.Debug|Any CPU.Build.0 = Debug|Any CPU
		{6ED3DF73-0AB5-428E-8DF0-58D77426D9BA}.Release|Any CPU.ActiveCfg = Release|Any CPU
		{6ED3DF73-0AB5-428E-8DF0-58D77426D9BA}.Release|Any CPU.Build.0 = Release|Any CPU
		{78006BB4-4892-4B5F-900A-F69D6DAE4D2F}.Debug|Any CPU.ActiveCfg = Debug|Any CPU
		{78006BB4-4892-4B5F-900A-F69D6DAE4D2F}.Debug|Any CPU.Build.0 = Debug|Any CPU
		{78006BB4-4892-4B5F-900A-F69D6DAE4D2F}.Release|Any CPU.ActiveCfg = Release|Any CPU
		{78006BB4-4892-4B5F-900A-F69D6DAE4D2F}.Release|Any CPU.Build.0 = Release|Any CPU
	EndGlobalSection
	GlobalSection(SolutionProperties) = preSolution
		HideSolutionNode = FALSE
	EndGlobalSection
	GlobalSection(ExtensibilityGlobals) = postSolution
		SolutionGuid = {D694EE2A-F8CE-4B79-9BAD-880EED818D9C}
	EndGlobalSection
EndGlobal
